
Microsoft Visual Studio Solution File, Format Version 12.00
# Visual Studio Version 17
VisualStudioVersion = 17.13.35818.85 d17.13
MinimumVisualStudioVersion = 10.0.40219.1
Project("{54A90642-561A-4BB1-A94E-469ADEE60C69}") = "usermanagementv3.client", "usermanagementv3.client\usermanagementv3.client.esproj", "{F84378A1-0282-0B13-58B5-2F0891E7803B}"
EndProject
Project("{FAE04EC0-301F-11D3-BF4B-00C04F79EFBC}") = "UserManagementV3.Server", "UserManagementV3.Server\UserManagementV3.Server.csproj", "{B755A75D-93D4-49FD-9439-AFE3F37581A7}"
EndProject
Global
	GlobalSection(SolutionConfigurationPlatforms) = preSolution
		Debug|Any CPU = Debug|Any CPU
		Release|Any CPU = Release|Any CPU
	EndGlobalSection
	GlobalSection(ProjectConfigurationPlatforms) = postSolution
		{F84378A1-0282-0B13-58B5-2F0891E7803B}.Debug|Any CPU.ActiveCfg = Debug|Any CPU
		{F84378A1-0282-0B13-58B5-2F0891E7803B}.Debug|Any CPU.Build.0 = Debug|Any CPU
		{F84378A1-0282-0B13-58B5-2F0891E7803B}.Debug|Any CPU.Deploy.0 = Debug|Any CPU
		{F84378A1-0282-0B13-58B5-2F0891E7803B}.Release|Any CPU.ActiveCfg = Release|Any CPU
		{F84378A1-0282-0B13-58B5-2F0891E7803B}.Release|Any CPU.Build.0 = Release|Any CPU
		{F84378A1-0282-0B13-58B5-2F0891E7803B}.Release|Any CPU.Deploy.0 = Release|Any CPU
		{B755A75D-93D4-49FD-9439-AFE3F37581A7}.Debug|Any CPU.ActiveCfg = Debug|Any CPU
		{B755A75D-93D4-49FD-9439-AFE3F37581A7}.Debug|Any CPU.Build.0 = Debug|Any CPU
		{B755A75D-93D4-49FD-9439-AFE3F37581A7}.Release|Any CPU.ActiveCfg = Release|Any CPU
		{B755A75D-93D4-49FD-9439-AFE3F37581A7}.Release|Any CPU.Build.0 = Release|Any CPU
	EndGlobalSection
	GlobalSection(SolutionProperties) = preSolution
		HideSolutionNode = FALSE
	EndGlobalSection
	GlobalSection(ExtensibilityGlobals) = postSolution
		SolutionGuid = {2B7503D8-D01C-40E8-BB34-74E7673F9EB3}
	EndGlobalSection
EndGlobal
